{
  "name": "oa-app",
  "version": "1.0.0",
  "lockfileVersion": 1,
  "requires": true,
  "dependencies": {
    "dingtalk-jsapi": {
      "version": "2.11.15",
      "resolved": "https://registry.npm.taobao.org/dingtalk-jsapi/download/dingtalk-jsapi-2.11.15.tgz?cache=0&sync_timestamp=1596111374747&other_urls=https%3A%2F%2Fregistry.npm.taobao.org%2Fdingtalk-jsapi%2Fdownload%2Fdingtalk-jsapi-2.11.15.tgz",
      "integrity": "sha1-GH/v7JRAwagdToW7P6vbMtZrBo4=",
      "requires": {
        "promise-polyfill": "^7.1.0"
      }
    },
    "promise-polyfill": {
      "version": "7.1.2",
      "resolved": "https://registry.npm.taobao.org/promise-polyfill/download/promise-polyfill-7.1.2.tgz?cache=0&other_urls=https%3A%2F%2Fregistry.npm.taobao.org%2Fpromise-polyfill%2Fdownload%2Fpromise-polyfill-7.1.2.tgz",
      "integrity": "sha1-qwUwHYwoU2MBYi1pInYyJppwyjs="
    },
    "vconsole": {
      "version": "3.3.4",
      "resolved": "https://registry.npm.taobao.org/vconsole/download/vconsole-3.3.4.tgz",
      "integrity": "sha1-p9rNiIez0+kC6NGEJc2lbDTnf1E="
    },
    "vue-jsonp": {
      "version": "0.1.8",
      "resolved": "https://registry.npm.taobao.org/vue-jsonp/download/vue-jsonp-0.1.8.tgz",
      "integrity": "sha1-LOwFSwrKWpx94BRrFrKsvuwtc6c="
    }
  }
}
